
Microsoft Visual Studio Solution File, Format Version 12.00
# Visual Studio 14
VisualStudioVersion = 14.0.25123.0
MinimumVisualStudioVersion = 10.0.40219.1
Project("{262852C6-CD72-467D-83FE-5EEB1973A190}") = "timelord", "timelord\timelord.jsproj", "{148CC4E2-EA3C-4F07-BD37-C4771EEE475D}"
EndProject
Project("{FAE04EC0-301F-11D3-BF4B-00C04F79EFBC}") = "RuntimeComponent", "RuntimeComponent\RuntimeComponent.csproj", "{480B6254-D4B7-454A-B1E6-0E66693DFBCE}"
EndProject
Global
	GlobalSection(SolutionConfigurationPlatforms) = preSolution
		Debug .NET Native|Any CPU = Debug .NET Native|Any CPU
		Debug .NET Native|ARM = Debug .NET Native|ARM
		Debug .NET Native|x64 = Debug .NET Native|x64
		Debug .NET Native|x86 = Debug .NET Native|x86
		Debug|Any CPU = Debug|Any CPU
		Debug|ARM = Debug|ARM
		Debug|x64 = Debug|x64
		Debug|x86 = Debug|x86
		Release|Any CPU = Release|Any CPU
		Release|ARM = Release|ARM
		Release|x64 = Release|x64
		Release|x86 = Release|x86
	EndGlobalSection
	GlobalSection(ProjectConfigurationPlatforms) = postSolution
		{148CC4E2-EA3C-4F07-BD37-C4771EEE475D}.Debug .NET Native|Any CPU.ActiveCfg = Debug .NET Native|Any CPU
		{148CC4E2-EA3C-4F07-BD37-C4771EEE475D}.Debug .NET Native|Any CPU.Build.0 = Debug .NET Native|Any CPU
		{148CC4E2-EA3C-4F07-BD37-C4771EEE475D}.Debug .NET Native|Any CPU.Deploy.0 = Debug .NET Native|Any CPU
		{148CC4E2-EA3C-4F07-BD37-C4771EEE475D}.Debug .NET Native|ARM.ActiveCfg = Debug .NET Native|ARM
		{148CC4E2-EA3C-4F07-BD37-C4771EEE475D}.Debug .NET Native|ARM.Build.0 = Debug .NET Native|ARM
		{148CC4E2-EA3C-4F07-BD37-C4771EEE475D}.Debug .NET Native|ARM.Deploy.0 = Debug .NET Native|ARM
		{148CC4E2-EA3C-4F07-BD37-C4771EEE475D}.Debug .NET Native|x64.ActiveCfg = Debug .NET Native|x64
		{148CC4E2-EA3C-4F07-BD37-C4771EEE475D}.Debug .NET Native|x64.Build.0 = Debug .NET Native|x64
		{148CC4E2-EA3C-4F07-BD37-C4771EEE475D}.Debug .NET Native|x64.Deploy.0 = Debug .NET Native|x64
		{148CC4E2-EA3C-4F07-BD37-C4771EEE475D}.Debug .NET Native|x86.ActiveCfg = Debug .NET Native|x86
		{148CC4E2-EA3C-4F07-BD37-C4771EEE475D}.Debug .NET Native|x86.Build.0 = Debug .NET Native|x86
		{148CC4E2-EA3C-4F07-BD37-C4771EEE475D}.Debug .NET Native|x86.Deploy.0 = Debug .NET Native|x86
		{148CC4E2-EA3C-4F07-BD37-C4771EEE475D}.Debug|Any CPU.ActiveCfg = Debug|x64
		{148CC4E2-EA3C-4F07-BD37-C4771EEE475D}.Debug|Any CPU.Build.0 = Debug|x64
		{148CC4E2-EA3C-4F07-BD37-C4771EEE475D}.Debug|Any CPU.Deploy.0 = Debug|x64
		{148CC4E2-EA3C-4F07-BD37-C4771EEE475D}.Debug|ARM.ActiveCfg = Debug|ARM
		{148CC4E2-EA3C-4F07-BD37-C4771EEE475D}.Debug|ARM.Build.0 = Debug|ARM
		{148CC4E2-EA3C-4F07-BD37-C4771EEE475D}.Debug|ARM.Deploy.0 = Debug|ARM
		{148CC4E2-EA3C-4F07-BD37-C4771EEE475D}.Debug|x64.ActiveCfg = Debug|x64
		{148CC4E2-EA3C-4F07-BD37-C4771EEE475D}.Debug|x64.Build.0 = Debug|x64
		{148CC4E2-EA3C-4F07-BD37-C4771EEE475D}.Debug|x64.Deploy.0 = Debug|x64
		{148CC4E2-EA3C-4F07-BD37-C4771EEE475D}.Debug|x86.ActiveCfg = Debug|x86
		{148CC4E2-EA3C-4F07-BD37-C4771EEE475D}.Debug|x86.Build.0 = Debug|x86
		{148CC4E2-EA3C-4F07-BD37-C4771EEE475D}.Debug|x86.Deploy.0 = Debug|x86
		{148CC4E2-EA3C-4F07-BD37-C4771EEE475D}.Release|Any CPU.ActiveCfg = Release|Any CPU
		{148CC4E2-EA3C-4F07-BD37-C4771EEE475D}.Release|Any CPU.Build.0 = Release|Any CPU
		{148CC4E2-EA3C-4F07-BD37-C4771EEE475D}.Release|Any CPU.Deploy.0 = Release|Any CPU
		{148CC4E2-EA3C-4F07-BD37-C4771EEE475D}.Release|ARM.ActiveCfg = Release|ARM
		{148CC4E2-EA3C-4F07-BD37-C4771EEE475D}.Release|ARM.Build.0 = Release|ARM
		{148CC4E2-EA3C-4F07-BD37-C4771EEE475D}.Release|ARM.Deploy.0 = Release|ARM
		{148CC4E2-EA3C-4F07-BD37-C4771EEE475D}.Release|x64.ActiveCfg = Release|x64
		{148CC4E2-EA3C-4F07-BD37-C4771EEE475D}.Release|x64.Build.0 = Release|x64
		{148CC4E2-EA3C-4F07-BD37-C4771EEE475D}.Release|x64.Deploy.0 = Release|x64
		{148CC4E2-EA3C-4F07-BD37-C4771EEE475D}.Release|x86.ActiveCfg = Release|x86
		{148CC4E2-EA3C-4F07-BD37-C4771EEE475D}.Release|x86.Build.0 = Release|x86
		{148CC4E2-EA3C-4F07-BD37-C4771EEE475D}.Release|x86.Deploy.0 = Release|x86
		{480B6254-D4B7-454A-B1E6-0E66693DFBCE}.Debug .NET Native|Any CPU.ActiveCfg = Debug .NET Native|Any CPU
		{480B6254-D4B7-454A-B1E6-0E66693DFBCE}.Debug .NET Native|Any CPU.Build.0 = Debug .NET Native|Any CPU
		{480B6254-D4B7-454A-B1E6-0E66693DFBCE}.Debug .NET Native|ARM.ActiveCfg = Debug .NET Native|ARM
		{480B6254-D4B7-454A-B1E6-0E66693DFBCE}.Debug .NET Native|ARM.Build.0 = Debug .NET Native|ARM
		{480B6254-D4B7-454A-B1E6-0E66693DFBCE}.Debug .NET Native|x64.ActiveCfg = Debug .NET Native|x64
		{480B6254-D4B7-454A-B1E6-0E66693DFBCE}.Debug .NET Native|x64.Build.0 = Debug .NET Native|x64
		{480B6254-D4B7-454A-B1E6-0E66693DFBCE}.Debug .NET Native|x86.ActiveCfg = Debug .NET Native|x86
		{480B6254-D4B7-454A-B1E6-0E66693DFBCE}.Debug .NET Native|x86.Build.0 = Debug .NET Native|x86
		{480B6254-D4B7-454A-B1E6-0E66693DFBCE}.Debug|Any CPU.ActiveCfg = Debug|Any CPU
		{480B6254-D4B7-454A-B1E6-0E66693DFBCE}.Debug|Any CPU.Build.0 = Debug|Any CPU
		{480B6254-D4B7-454A-B1E6-0E66693DFBCE}.Debug|ARM.ActiveCfg = Debug|ARM
		{480B6254-D4B7-454A-B1E6-0E66693DFBCE}.Debug|ARM.Build.0 = Debug|ARM
		{480B6254-D4B7-454A-B1E6-0E66693DFBCE}.Debug|x64.ActiveCfg = Debug|x64
		{480B6254-D4B7-454A-B1E6-0E66693DFBCE}.Debug|x64.Build.0 = Debug|x64
		{480B6254-D4B7-454A-B1E6-0E66693DFBCE}.Debug|x86.ActiveCfg = Debug|x86
		{480B6254-D4B7-454A-B1E6-0E66693DFBCE}.Debug|x86.Build.0 = Debug|x86
		{480B6254-D4B7-454A-B1E6-0E66693DFBCE}.Release|Any CPU.ActiveCfg = Release|Any CPU
		{480B6254-D4B7-454A-B1E6-0E66693DFBCE}.Release|Any CPU.Build.0 = Release|Any CPU
		{480B6254-D4B7-454A-B1E6-0E66693DFBCE}.Release|ARM.ActiveCfg = Release|ARM
		{480B6254-D4B7-454A-B1E6-0E66693DFBCE}.Release|ARM.Build.0 = Release|ARM
		{480B6254-D4B7-454A-B1E6-0E66693DFBCE}.Release|x64.ActiveCfg = Release|x64
		{480B6254-D4B7-454A-B1E6-0E66693DFBCE}.Release|x64.Build.0 = Release|x64
		{480B6254-D4B7-454A-B1E6-0E66693DFBCE}.Release|x86.ActiveCfg = Release|x86
		{480B6254-D4B7-454A-B1E6-0E66693DFBCE}.Release|x86.Build.0 = Release|x86
	EndGlobalSection
	GlobalSection(SolutionProperties) = preSolution
		HideSolutionNode = FALSE
	EndGlobalSection
EndGlobal
